
Microsoft Visual Studio Solution File, Format Version 12.00
# Visual Studio Version 16
VisualStudioVersion = 16.0.30128.74
MinimumVisualStudioVersion = 10.0.40219.1
Project("{2150E333-8FDC-42A3-9474-1A3956D46DE8}") = "src", "src", "{FBF5F072-D78B-4CF7-A52B-E27D3384BECC}"
EndProject
Project("{2150E333-8FDC-42A3-9474-1A3956D46DE8}") = "Catalog", "Catalog", "{B86D0A98-021A-4CC9-A2CA-13DBE35105B7}"
EndProject
Project("{9A19103F-16F7-4668-BE54-9A1E7A4F7556}") = "Catalog.API", "src\Catalog\Catalog.API\Catalog.API.csproj", "{2157A68B-F68D-40B4-9CB6-6F60FF440FD3}"
EndProject
Project("{E53339B2-1760-4266-BCC7-CA923CBCF16C}") = "docker-compose", "docker-compose.dcproj", "{4D217AAF-9388-4D7D-AA5C-CA35AB9CDB55}"
EndProject
Project("{2150E333-8FDC-42A3-9474-1A3956D46DE8}") = "Basket", "Basket", "{13AAB4F6-08A1-4556-A967-80EA067008FF}"
EndProject
Project("{9A19103F-16F7-4668-BE54-9A1E7A4F7556}") = "Basket.API", "src\Basket\Basket.API\Basket.API.csproj", "{0E02373E-2F15-4D9A-A092-D377B95F6103}"
EndProject
Project("{2150E333-8FDC-42A3-9474-1A3956D46DE8}") = "Common", "Common", "{FD650227-30B1-4799-89B6-432C91C4F5FD}"
EndProject
Project("{9A19103F-16F7-4668-BE54-9A1E7A4F7556}") = "EventBusRabbitMQ", "src\Common\EventBusRabbitMQ\EventBusRabbitMQ.csproj", "{F09C598E-EAF6-44B9-95E9-1D3283ADE8DE}"
EndProject
Project("{2150E333-8FDC-42A3-9474-1A3956D46DE8}") = "Ordering", "Ordering", "{0664DE6C-6ACF-40DA-AA55-4F548F15F146}"
EndProject
Project("{9A19103F-16F7-4668-BE54-9A1E7A4F7556}") = "Ordering.API", "src\Ordering\Ordering.API\Ordering.API.csproj", "{EED2BEC7-11CC-49BE-A653-5D3D59AC9154}"
EndProject
Project("{9A19103F-16F7-4668-BE54-9A1E7A4F7556}") = "Ordering.Core", "src\Ordering\Ordering.Core\Ordering.Core.csproj", "{D6844B8C-FBC1-4541-B68F-FB5B3A30A5C3}"
EndProject
Project("{9A19103F-16F7-4668-BE54-9A1E7A4F7556}") = "Ordering.Infrastructure", "src\Ordering\Ordering.Infrastructure\Ordering.Infrastructure.csproj", "{FDEDD77C-D19A-4548-A5A8-DC38830BF5C5}"
EndProject
Project("{9A19103F-16F7-4668-BE54-9A1E7A4F7556}") = "Ordering.Application", "src\Ordering\Ordering.Application\Ordering.Application.csproj", "{129F736F-6EB5-4266-BDA5-36FEF92F57BF}"
EndProject
Project("{2150E333-8FDC-42A3-9474-1A3956D46DE8}") = "ApiGateway", "ApiGateway", "{21F17A79-B78B-47B7-9D40-009B69AF6C97}"
EndProject
Project("{9A19103F-16F7-4668-BE54-9A1E7A4F7556}") = "OcelotAPIGateway", "src\ApiGateway\OcelotAPIGateway\OcelotAPIGateway.csproj", "{34C903A4-45ED-430E-8F34-4FA41C9E77B3}"
EndProject
Project("{2150E333-8FDC-42A3-9474-1A3956D46DE8}") = "WebApp", "WebApp", "{ABDE89C4-6705-4509-95F8-E345ADA473A3}"
EndProject
Project("{9A19103F-16F7-4668-BE54-9A1E7A4F7556}") = "AspnetRunBasics", "src\WebApp\AspnetRunBasics\AspnetRunBasics.csproj", "{AFB40AE0-A3AA-4DA9-9397-C213844A3E08}"
EndProject
Global
	GlobalSection(SolutionConfigurationPlatforms) = preSolution
		Debug|Any CPU = Debug|Any CPU
		Release|Any CPU = Release|Any CPU
	EndGlobalSection
	GlobalSection(ProjectConfigurationPlatforms) = postSolution
		{2157A68B-F68D-40B4-9CB6-6F60FF440FD3}.Debug|Any CPU.ActiveCfg = Debug|Any CPU
		{2157A68B-F68D-40B4-9CB6-6F60FF440FD3}.Debug|Any CPU.Build.0 = Debug|Any CPU
		{2157A68B-F68D-40B4-9CB6-6F60FF440FD3}.Release|Any CPU.ActiveCfg = Release|Any CPU
		{2157A68B-F68D-40B4-9CB6-6F60FF440FD3}.Release|Any CPU.Build.0 = Release|Any CPU
		{4D217AAF-9388-4D7D-AA5C-CA35AB9CDB55}.Debug|Any CPU.ActiveCfg = Debug|Any CPU
		{4D217AAF-9388-4D7D-AA5C-CA35AB9CDB55}.Debug|Any CPU.Build.0 = Debug|Any CPU
		{4D217AAF-9388-4D7D-AA5C-CA35AB9CDB55}.Release|Any CPU.ActiveCfg = Release|Any CPU
		{4D217AAF-9388-4D7D-AA5C-CA35AB9CDB55}.Release|Any CPU.Build.0 = Release|Any CPU
		{0E02373E-2F15-4D9A-A092-D377B95F6103}.Debug|Any CPU.ActiveCfg = Debug|Any CPU
		{0E02373E-2F15-4D9A-A092-D377B95F6103}.Debug|Any CPU.Build.0 = Debug|Any CPU
		{0E02373E-2F15-4D9A-A092-D377B95F6103}.Release|Any CPU.ActiveCfg = Release|Any CPU
		{0E02373E-2F15-4D9A-A092-D377B95F6103}.Release|Any CPU.Build.0 = Release|Any CPU
		{F09C598E-EAF6-44B9-95E9-1D3283ADE8DE}.Debug|Any CPU.ActiveCfg = Debug|Any CPU
		{F09C598E-EAF6-44B9-95E9-1D3283ADE8DE}.Debug|Any CPU.Build.0 = Debug|Any CPU
		{F09C598E-EAF6-44B9-95E9-1D3283ADE8DE}.Release|Any CPU.ActiveCfg = Release|Any CPU
		{F09C598E-EAF6-44B9-95E9-1D3283ADE8DE}.Release|Any CPU.Build.0 = Release|Any CPU
		{EED2BEC7-11CC-49BE-A653-5D3D59AC9154}.Debug|Any CPU.ActiveCfg = Debug|Any CPU
		{EED2BEC7-11CC-49BE-A653-5D3D59AC9154}.Debug|Any CPU.Build.0 = Debug|Any CPU
		{EED2BEC7-11CC-49BE-A653-5D3D59AC9154}.Release|Any CPU.ActiveCfg = Release|Any CPU
		{EED2BEC7-11CC-49BE-A653-5D3D59AC9154}.Release|Any CPU.Build.0 = Release|Any CPU
		{D6844B8C-FBC1-4541-B68F-FB5B3A30A5C3}.Debug|Any CPU.ActiveCfg = Debug|Any CPU
		{D6844B8C-FBC1-4541-B68F-FB5B3A30A5C3}.Debug|Any CPU.Build.0 = Debug|Any CPU
		{D6844B8C-FBC1-4541-B68F-FB5B3A30A5C3}.Release|Any CPU.ActiveCfg = Release|Any CPU
		{D6844B8C-FBC1-4541-B68F-FB5B3A30A5C3}.Release|Any CPU.Build.0 = Release|Any CPU
		{FDEDD77C-D19A-4548-A5A8-DC38830BF5C5}.Debug|Any CPU.ActiveCfg = Debug|Any CPU
		{FDEDD77C-D19A-4548-A5A8-DC38830BF5C5}.Debug|Any CPU.Build.0 = Debug|Any CPU
		{FDEDD77C-D19A-4548-A5A8-DC38830BF5C5}.Release|Any CPU.ActiveCfg = Release|Any CPU
		{FDEDD77C-D19A-4548-A5A8-DC38830BF5C5}.Release|Any CPU.Build.0 = Release|Any CPU
		{129F736F-6EB5-4266-BDA5-36FEF92F57BF}.Debug|Any CPU.ActiveCfg = Debug|Any CPU
		{129F736F-6EB5-4266-BDA5-36FEF92F57BF}.Debug|Any CPU.Build.0 = Debug|Any CPU
		{129F736F-6EB5-4266-BDA5-36FEF92F57BF}.Release|Any CPU.ActiveCfg = Release|Any CPU
		{129F736F-6EB5-4266-BDA5-36FEF92F57BF}.Release|Any CPU.Build.0 = Release|Any CPU
		{34C903A4-45ED-430E-8F34-4FA41C9E77B3}.Debug|Any CPU.ActiveCfg = Debug|Any CPU
		{34C903A4-45ED-430E-8F34-4FA41C9E77B3}.Debug|Any CPU.Build.0 = Debug|Any CPU
		{34C903A4-45ED-430E-8F34-4FA41C9E77B3}.Release|Any CPU.ActiveCfg = Release|Any CPU
		{34C903A4-45ED-430E-8F34-4FA41C9E77B3}.Release|Any CPU.Build.0 = Release|Any CPU
		{AFB40AE0-A3AA-4DA9-9397-C213844A3E08}.Debug|Any CPU.ActiveCfg = Debug|Any CPU
		{AFB40AE0-A3AA-4DA9-9397-C213844A3E08}.Debug|Any CPU.Build.0 = Debug|Any CPU
		{AFB40AE0-A3AA-4DA9-9397-C213844A3E08}.Release|Any CPU.ActiveCfg = Release|Any CPU
		{AFB40AE0-A3AA-4DA9-9397-C213844A3E08}.Release|Any CPU.Build.0 = Release|Any CPU
	EndGlobalSection
	GlobalSection(SolutionProperties) = preSolution
		HideSolutionNode = FALSE
	EndGlobalSection
	GlobalSection(NestedProjects) = preSolution
		{B86D0A98-021A-4CC9-A2CA-13DBE35105B7} = {FBF5F072-D78B-4CF7-A52B-E27D3384BECC}
		{2157A68B-F68D-40B4-9CB6-6F60FF440FD3} = {B86D0A98-021A-4CC9-A2CA-13DBE35105B7}
		{13AAB4F6-08A1-4556-A967-80EA067008FF} = {FBF5F072-D78B-4CF7-A52B-E27D3384BECC}
		{0E02373E-2F15-4D9A-A092-D377B95F6103} = {13AAB4F6-08A1-4556-A967-80EA067008FF}
		{FD650227-30B1-4799-89B6-432C91C4F5FD} = {FBF5F072-D78B-4CF7-A52B-E27D3384BECC}
		{F09C598E-EAF6-44B9-95E9-1D3283ADE8DE} = {FD650227-30B1-4799-89B6-432C91C4F5FD}
		{0664DE6C-6ACF-40DA-AA55-4F548F15F146} = {FBF5F072-D78B-4CF7-A52B-E27D3384BECC}
		{EED2BEC7-11CC-49BE-A653-5D3D59AC9154} = {0664DE6C-6ACF-40DA-AA55-4F548F15F146}
		{D6844B8C-FBC1-4541-B68F-FB5B3A30A5C3} = {0664DE6C-6ACF-40DA-AA55-4F548F15F146}
		{FDEDD77C-D19A-4548-A5A8-DC38830BF5C5} = {0664DE6C-6ACF-40DA-AA55-4F548F15F146}
		{129F736F-6EB5-4266-BDA5-36FEF92F57BF} = {0664DE6C-6ACF-40DA-AA55-4F548F15F146}
		{21F17A79-B78B-47B7-9D40-009B69AF6C97} = {FBF5F072-D78B-4CF7-A52B-E27D3384BECC}
		{34C903A4-45ED-430E-8F34-4FA41C9E77B3} = {21F17A79-B78B-47B7-9D40-009B69AF6C97}
		{ABDE89C4-6705-4509-95F8-E345ADA473A3} = {FBF5F072-D78B-4CF7-A52B-E27D3384BECC}
		{AFB40AE0-A3AA-4DA9-9397-C213844A3E08} = {ABDE89C4-6705-4509-95F8-E345ADA473A3}
	EndGlobalSection
	GlobalSection(ExtensibilityGlobals) = postSolution
		SolutionGuid = {DF003E66-E388-46D3-892A-AE09E84EE28D}
	EndGlobalSection
EndGlobal
